// !$*UTF8*$!
{
	archiveVersion = 1;
	classes = {
	};
	objectVersion = 46;
	objects = {

/* Begin PBXBuildFile section */
		68045C729709FE5F1E61A904 /* Pods_AppStore_iOS_10.framework in Frameworks */ = {isa = PBXBuildFile; fileRef = F038A0B87F10F00176AD243D /* Pods_AppStore_iOS_10.framework */; };
		C60B83051F0C70C9007EAD68 /* SmallAppListHeader.swift in Sources */ = {isa = PBXBuildFile; fileRef = C60B83041F0C70C9007EAD68 /* SmallAppListHeader.swift */; };
		C60E4A121F066274001A8BEB /* DividerFooter.swift in Sources */ = {isa = PBXBuildFile; fileRef = C60E4A111F066274001A8BEB /* DividerFooter.swift */; };
		C60E4A141F067CD9001A8BEB /* SmallAppListHolderCell.swift in Sources */ = {isa = PBXBuildFile; fileRef = C60E4A131F067CD9001A8BEB /* SmallAppListHolderCell.swift */; };
		C60E4A171F0688CE001A8BEB /* App.swift in Sources */ = {isa = PBXBuildFile; fileRef = C60E4A161F0688CE001A8BEB /* App.swift */; };
		C60E4A191F068D54001A8BEB /* TodayArticle.swift in Sources */ = {isa = PBXBuildFile; fileRef = C60E4A181F068D54001A8BEB /* TodayArticle.swift */; };
		C60E4A1B1F06B771001A8BEB /* FeaturedAppTopWhiteBg.swift in Sources */ = {isa = PBXBuildFile; fileRef = C60E4A1A1F06B771001A8BEB /* FeaturedAppTopWhiteBg.swift */; };
		C60E4A1E1F06BBFA001A8BEB /* FeaturedAppCellWithBigAppIcon.swift in Sources */ = {isa = PBXBuildFile; fileRef = C60E4A1D1F06BBFA001A8BEB /* FeaturedAppCellWithBigAppIcon.swift */; };
		C6126AAF1F06238F000493BA /* CustomCollectionViewCell.swift in Sources */ = {isa = PBXBuildFile; fileRef = C6126AAD1F06238F000493BA /* CustomCollectionViewCell.swift */; };
		C6126AB21F063B7F000493BA /* LGHorizontalLinearFlowLayout.swift in Sources */ = {isa = PBXBuildFile; fileRef = C6126AB11F063B7F000493BA /* LGHorizontalLinearFlowLayout.swift */; };
		C6126AB41F0655EF000493BA /* SnappingCollectionViewFlowlayout.swift in Sources */ = {isa = PBXBuildFile; fileRef = C6126AB31F0655EF000493BA /* SnappingCollectionViewFlowlayout.swift */; };
		C6126AB61F065B57000493BA /* SmallAppCell.swift in Sources */ = {isa = PBXBuildFile; fileRef = C6126AB51F065B57000493BA /* SmallAppCell.swift */; };
		C628AFB01F097B60002645CA /* AppDescriptionCell.swift in Sources */ = {isa = PBXBuildFile; fileRef = C628AFAF1F097B60002645CA /* AppDescriptionCell.swift */; };
		C628AFB31F098F43002645CA /* RatingsViewCell.swift in Sources */ = {isa = PBXBuildFile; fileRef = C628AFB21F098F43002645CA /* RatingsViewCell.swift */; };
		C628AFB51F098F5E002645CA /* RatingCollectionViewCell.swift in Sources */ = {isa = PBXBuildFile; fileRef = C628AFB41F098F5E002645CA /* RatingCollectionViewCell.swift */; };
		C628AFB71F0990A6002645CA /* Review.swift in Sources */ = {isa = PBXBuildFile; fileRef = C628AFB61F0990A6002645CA /* Review.swift */; };
		C628AFB91F09AD37002645CA /* ViewControllerConfigurator.swift in Sources */ = {isa = PBXBuildFile; fileRef = C628AFB81F09AD37002645CA /* ViewControllerConfigurator.swift */; };
		C62D7A431F044FC500A60799 /* AppDelegate.swift in Sources */ = {isa = PBXBuildFile; fileRef = C62D7A421F044FC500A60799 /* AppDelegate.swift */; };
		C62D7A451F044FC500A60799 /* TabsController.swift in Sources */ = {isa = PBXBuildFile; fileRef = C62D7A441F044FC500A60799 /* TabsController.swift */; };
		C62D7A4A1F044FC500A60799 /* Assets.xcassets in Resources */ = {isa = PBXBuildFile; fileRef = C62D7A491F044FC500A60799 /* Assets.xcassets */; };
		C62D7A4D1F044FC500A60799 /* LaunchScreen.storyboard in Resources */ = {isa = PBXBuildFile; fileRef = C62D7A4B1F044FC500A60799 /* LaunchScreen.storyboard */; };
		C62D7A551F04568900A60799 /* Extension.swift in Sources */ = {isa = PBXBuildFile; fileRef = C62D7A541F04568900A60799 /* Extension.swift */; };
		C62D7A5C1F0459B400A60799 /* TodaysAppsController.swift in Sources */ = {isa = PBXBuildFile; fileRef = C62D7A5B1F0459B400A60799 /* TodaysAppsController.swift */; };
		C62D7A5E1F0459CA00A60799 /* GamesAppsController.swift in Sources */ = {isa = PBXBuildFile; fileRef = C62D7A5D1F0459CA00A60799 /* GamesAppsController.swift */; };
		C62D7A621F0459F900A60799 /* AppListViewController.swift in Sources */ = {isa = PBXBuildFile; fileRef = C62D7A611F0459F900A60799 /* AppListViewController.swift */; };
		C62D7A661F04674A00A60799 /* GeneralHeaderCell.swift in Sources */ = {isa = PBXBuildFile; fileRef = C62D7A651F04674A00A60799 /* GeneralHeaderCell.swift */; };
		C62D7A681F046B5200A60799 /* TodayAppsDataSource.swift in Sources */ = {isa = PBXBuildFile; fileRef = C62D7A671F046B5200A60799 /* TodayAppsDataSource.swift */; };
		C62D7A6A1F046F0B00A60799 /* FeaturedAppCardCell.swift in Sources */ = {isa = PBXBuildFile; fileRef = C62D7A691F046F0B00A60799 /* FeaturedAppCardCell.swift */; };
		C62D7A6C1F047CA300A60799 /* ElevatedImageView.swift in Sources */ = {isa = PBXBuildFile; fileRef = C62D7A6B1F047CA300A60799 /* ElevatedImageView.swift */; };
		C62D7A6E1F047D2900A60799 /* CardView.swift in Sources */ = {isa = PBXBuildFile; fileRef = C62D7A6D1F047D2900A60799 /* CardView.swift */; };
		C64A1BD31F04E64800894D91 /* LargePhotoHorizontalCollectionViewCell.swift in Sources */ = {isa = PBXBuildFile; fileRef = C64A1BD21F04E64800894D91 /* LargePhotoHorizontalCollectionViewCell.swift */; };
		C666F5021F06FAB600F6771C /* FeaturedAppCellBottomApp.swift in Sources */ = {isa = PBXBuildFile; fileRef = C666F5011F06FAB600F6771C /* FeaturedAppCellBottomApp.swift */; };
		C6A8C2351F08F2F5001C98A0 /* Utils.swift in Sources */ = {isa = PBXBuildFile; fileRef = C6A8C2341F08F2F5001C98A0 /* Utils.swift */; };
		C6A8C2371F0912C2001C98A0 /* ScreenShotViewCell.swift in Sources */ = {isa = PBXBuildFile; fileRef = C6A8C2361F0912C2001C98A0 /* ScreenShotViewCell.swift */; };
		C6A8C2391F0913D0001C98A0 /* ScreenShotsHolderCell.swift in Sources */ = {isa = PBXBuildFile; fileRef = C6A8C2381F0913D0001C98A0 /* ScreenShotsHolderCell.swift */; };
		C6A8C23C1F091715001C98A0 /* Constants.swift in Sources */ = {isa = PBXBuildFile; fileRef = C6A8C23B1F091715001C98A0 /* Constants.swift */; };
		C6A8C23E1F091A7C001C98A0 /* Service.swift in Sources */ = {isa = PBXBuildFile; fileRef = C6A8C23D1F091A7C001C98A0 /* Service.swift */; };
		C6B78E671F0B11FB00F111E3 /* CustomNavigationController.swift in Sources */ = {isa = PBXBuildFile; fileRef = C6B78E661F0B11FB00F111E3 /* CustomNavigationController.swift */; };
		C6B78E691F0B145D00F111E3 /* SmallAppSearchUpdateCell.swift in Sources */ = {isa = PBXBuildFile; fileRef = C6B78E681F0B145D00F111E3 /* SmallAppSearchUpdateCell.swift */; };
		C6B78E6B1F0B230E00F111E3 /* UpdatesViewController.swift in Sources */ = {isa = PBXBuildFile; fileRef = C6B78E6A1F0B230E00F111E3 /* UpdatesViewController.swift */; };
		C6B8C9D11F07C18200391BBD /* BaseSectionedListController.swift in Sources */ = {isa = PBXBuildFile; fileRef = C6B8C9D01F07C18200391BBD /* BaseSectionedListController.swift */; };
		C6B8C9D31F07E15800391BBD /* AppDetailViewController.swift in Sources */ = {isa = PBXBuildFile; fileRef = C6B8C9D21F07E15800391BBD /* AppDetailViewController.swift */; };
		C6B8C9D61F07E22400391BBD /* OnAppSelectedDelegate.swift in Sources */ = {isa = PBXBuildFile; fileRef = C6B8C9D51F07E22400391BBD /* OnAppSelectedDelegate.swift */; };
		C6D1C58B1F04CBE500D70D57 /* GamesDataSource.swift in Sources */ = {isa = PBXBuildFile; fileRef = C6D1C58A1F04CBE500D70D57 /* GamesDataSource.swift */; };
		C6D1C58D1F04CCE800D70D57 /* HeaderItem.swift in Sources */ = {isa = PBXBuildFile; fileRef = C6D1C58C1F04CCE800D70D57 /* HeaderItem.swift */; };
		C6D1C5901F04CFE900D70D57 /* HorizontalBigAppCell.swift in Sources */ = {isa = PBXBuildFile; fileRef = C6D1C58F1F04CFE900D70D57 /* HorizontalBigAppCell.swift */; };
/* End PBXBuildFile section */

/* Begin PBXFileReference section */
		78F3CE854DCEC0B8D43D301C /* Pods-AppStore iOS 10.release.xcconfig */ = {isa = PBXFileReference; includeInIndex = 1; lastKnownFileType = text.xcconfig; name = "Pods-AppStore iOS 10.release.xcconfig"; path = "Pods/Target Support Files/Pods-AppStore iOS 10/Pods-AppStore iOS 10.release.xcconfig"; sourceTree = "<group>"; };
		A4E6BBCAF0ED15650A9C6D74 /* Pods-AppStore iOS 10.debug.xcconfig */ = {isa = PBXFileReference; includeInIndex = 1; lastKnownFileType = text.xcconfig; name = "Pods-AppStore iOS 10.debug.xcconfig"; path = "Pods/Target Support Files/Pods-AppStore iOS 10/Pods-AppStore iOS 10.debug.xcconfig"; sourceTree = "<group>"; };
		C60B83041F0C70C9007EAD68 /* SmallAppListHeader.swift */ = {isa = PBXFileReference; fileEncoding = 4; lastKnownFileType = sourcecode.swift; path = SmallAppListHeader.swift; sourceTree = "<group>"; };
		C60E4A111F066274001A8BEB /* DividerFooter.swift */ = {isa = PBXFileReference; fileEncoding = 4; lastKnownFileType = sourcecode.swift; path = DividerFooter.swift; sourceTree = "<group>"; };
		C60E4A131F067CD9001A8BEB /* SmallAppListHolderCell.swift */ = {isa = PBXFileReference; fileEncoding = 4; lastKnownFileType = sourcecode.swift; path = SmallAppListHolderCell.swift; sourceTree = "<group>"; };
		C60E4A161F0688CE001A8BEB /* App.swift */ = {isa = PBXFileReference; fileEncoding = 4; lastKnownFileType = sourcecode.swift; path = App.swift; sourceTree = "<group>"; };
		C60E4A181F068D54001A8BEB /* TodayArticle.swift */ = {isa = PBXFileReference; fileEncoding = 4; lastKnownFileType = sourcecode.swift; path = TodayArticle.swift; sourceTree = "<group>"; };
		C60E4A1A1F06B771001A8BEB /* FeaturedAppTopWhiteBg.swift */ = {isa = PBXFileReference; fileEncoding = 4; lastKnownFileType = sourcecode.swift; path = FeaturedAppTopWhiteBg.swift; sourceTree = "<group>"; };
		C60E4A1D1F06BBFA001A8BEB /* FeaturedAppCellWithBigAppIcon.swift */ = {isa = PBXFileReference; fileEncoding = 4; lastKnownFileType = sourcecode.swift; path = FeaturedAppCellWithBigAppIcon.swift; sourceTree = "<group>"; };
		C6126AAD1F06238F000493BA /* CustomCollectionViewCell.swift */ = {isa = PBXFileReference; fileEncoding = 4; lastKnownFileType = sourcecode.swift; path = CustomCollectionViewCell.swift; sourceTree = "<group>"; };
		C6126AB11F063B7F000493BA /* LGHorizontalLinearFlowLayout.swift */ = {isa = PBXFileReference; fileEncoding = 4; lastKnownFileType = sourcecode.swift; path = LGHorizontalLinearFlowLayout.swift; sourceTree = "<group>"; };
		C6126AB31F0655EF000493BA /* SnappingCollectionViewFlowlayout.swift */ = {isa = PBXFileReference; fileEncoding = 4; lastKnownFileType = sourcecode.swift; path = SnappingCollectionViewFlowlayout.swift; sourceTree = "<group>"; };
		C6126AB51F065B57000493BA /* SmallAppCell.swift */ = {isa = PBXFileReference; fileEncoding = 4; lastKnownFileType = sourcecode.swift; path = SmallAppCell.swift; sourceTree = "<group>"; };
		C628AFAF1F097B60002645CA /* AppDescriptionCell.swift */ = {isa = PBXFileReference; fileEncoding = 4; lastKnownFileType = sourcecode.swift; path = AppDescriptionCell.swift; sourceTree = "<group>"; };
		C628AFB21F098F43002645CA /* RatingsViewCell.swift */ = {isa = PBXFileReference; fileEncoding = 4; lastKnownFileType = sourcecode.swift; path = RatingsViewCell.swift; sourceTree = "<group>"; };
		C628AFB41F098F5E002645CA /* RatingCollectionViewCell.swift */ = {isa = PBXFileReference; fileEncoding = 4; lastKnownFileType = sourcecode.swift; path = RatingCollectionViewCell.swift; sourceTree = "<group>"; };
		C628AFB61F0990A6002645CA /* Review.swift */ = {isa = PBXFileReference; fileEncoding = 4; lastKnownFileType = sourcecode.swift; path = Review.swift; sourceTree = "<group>"; };
		C628AFB81F09AD37002645CA /* ViewControllerConfigurator.swift */ = {isa = PBXFileReference; fileEncoding = 4; lastKnownFileType = sourcecode.swift; path = ViewControllerConfigurator.swift; sourceTree = "<group>"; };
		C62D7A3F1F044FC500A60799 /* AppStore iOS 10.app */ = {isa = PBXFileReference; explicitFileType = wrapper.application; includeInIndex = 0; path = "AppStore iOS 10.app"; sourceTree = BUILT_PRODUCTS_DIR; };
		C62D7A421F044FC500A60799 /* AppDelegate.swift */ = {isa = PBXFileReference; lastKnownFileType = sourcecode.swift; path = AppDelegate.swift; sourceTree = "<group>"; };
		C62D7A441F044FC500A60799 /* TabsController.swift */ = {isa = PBXFileReference; lastKnownFileType = sourcecode.swift; path = TabsController.swift; sourceTree = "<group>"; };
		C62D7A491F044FC500A60799 /* Assets.xcassets */ = {isa = PBXFileReference; lastKnownFileType = folder.assetcatalog; path = Assets.xcassets; sourceTree = "<group>"; };
		C62D7A4C1F044FC500A60799 /* Base */ = {isa = PBXFileReference; lastKnownFileType = file.storyboard; name = Base; path = Base.lproj/LaunchScreen.storyboard; sourceTree = "<group>"; };
		C62D7A4E1F044FC500A60799 /* Info.plist */ = {isa = PBXFileReference; lastKnownFileType = text.plist.xml; path = Info.plist; sourceTree = "<group>"; };
		C62D7A541F04568900A60799 /* Extension.swift */ = {isa = PBXFileReference; fileEncoding = 4; lastKnownFileType = sourcecode.swift; path = Extension.swift; sourceTree = "<group>"; };
		C62D7A5B1F0459B400A60799 /* TodaysAppsController.swift */ = {isa = PBXFileReference; fileEncoding = 4; lastKnownFileType = sourcecode.swift; path = TodaysAppsController.swift; sourceTree = "<group>"; };
		C62D7A5D1F0459CA00A60799 /* GamesAppsController.swift */ = {isa = PBXFileReference; fileEncoding = 4; lastKnownFileType = sourcecode.swift; path = GamesAppsController.swift; sourceTree = "<group>"; };
		C62D7A611F0459F900A60799 /* AppListViewController.swift */ = {isa = PBXFileReference; fileEncoding = 4; lastKnownFileType = sourcecode.swift; path = AppListViewController.swift; sourceTree = "<group>"; };
		C62D7A651F04674A00A60799 /* GeneralHeaderCell.swift */ = {isa = PBXFileReference; fileEncoding = 4; lastKnownFileType = sourcecode.swift; path = GeneralHeaderCell.swift; sourceTree = "<group>"; };
		C62D7A671F046B5200A60799 /* TodayAppsDataSource.swift */ = {isa = PBXFileReference; fileEncoding = 4; lastKnownFileType = sourcecode.swift; path = TodayAppsDataSource.swift; sourceTree = "<group>"; };
		C62D7A691F046F0B00A60799 /* FeaturedAppCardCell.swift */ = {isa = PBXFileReference; fileEncoding = 4; lastKnownFileType = sourcecode.swift; path = FeaturedAppCardCell.swift; sourceTree = "<group>"; };
		C62D7A6B1F047CA300A60799 /* ElevatedImageView.swift */ = {isa = PBXFileReference; fileEncoding = 4; lastKnownFileType = sourcecode.swift; path = ElevatedImageView.swift; sourceTree = "<group>"; };
		C62D7A6D1F047D2900A60799 /* CardView.swift */ = {isa = PBXFileReference; fileEncoding = 4; lastKnownFileType = sourcecode.swift; path = CardView.swift; sourceTree = "<group>"; };
		C64A1BD21F04E64800894D91 /* LargePhotoHorizontalCollectionViewCell.swift */ = {isa = PBXFileReference; fileEncoding = 4; lastKnownFileType = sourcecode.swift; path = LargePhotoHorizontalCollectionViewCell.swift; sourceTree = "<group>"; };
		C666F5011F06FAB600F6771C /* FeaturedAppCellBottomApp.swift */ = {isa = PBXFileReference; fileEncoding = 4; lastKnownFileType = sourcecode.swift; path = FeaturedAppCellBottomApp.swift; sourceTree = "<group>"; };
		C6A8C2341F08F2F5001C98A0 /* Utils.swift */ = {isa = PBXFileReference; fileEncoding = 4; lastKnownFileType = sourcecode.swift; path = Utils.swift; sourceTree = "<group>"; };
		C6A8C2361F0912C2001C98A0 /* ScreenShotViewCell.swift */ = {isa = PBXFileReference; fileEncoding = 4; lastKnownFileType = sourcecode.swift; path = ScreenShotViewCell.swift; sourceTree = "<group>"; };
		C6A8C2381F0913D0001C98A0 /* ScreenShotsHolderCell.swift */ = {isa = PBXFileReference; fileEncoding = 4; lastKnownFileType = sourcecode.swift; path = ScreenShotsHolderCell.swift; sourceTree = "<group>"; };
		C6A8C23B1F091715001C98A0 /* Constants.swift */ = {isa = PBXFileReference; fileEncoding = 4; lastKnownFileType = sourcecode.swift; path = Constants.swift; sourceTree = "<group>"; };
		C6A8C23D1F091A7C001C98A0 /* Service.swift */ = {isa = PBXFileReference; fileEncoding = 4; lastKnownFileType = sourcecode.swift; path = Service.swift; sourceTree = "<group>"; };
		C6B78E661F0B11FB00F111E3 /* CustomNavigationController.swift */ = {isa = PBXFileReference; fileEncoding = 4; lastKnownFileType = sourcecode.swift; path = CustomNavigationController.swift; sourceTree = "<group>"; };
		C6B78E681F0B145D00F111E3 /* SmallAppSearchUpdateCell.swift */ = {isa = PBXFileReference; fileEncoding = 4; lastKnownFileType = sourcecode.swift; path = SmallAppSearchUpdateCell.swift; sourceTree = "<group>"; };
		C6B78E6A1F0B230E00F111E3 /* UpdatesViewController.swift */ = {isa = PBXFileReference; fileEncoding = 4; lastKnownFileType = sourcecode.swift; path = UpdatesViewController.swift; sourceTree = "<group>"; };
		C6B8C9D01F07C18200391BBD /* BaseSectionedListController.swift */ = {isa = PBXFileReference; fileEncoding = 4; lastKnownFileType = sourcecode.swift; path = BaseSectionedListController.swift; sourceTree = "<group>"; };
		C6B8C9D21F07E15800391BBD /* AppDetailViewController.swift */ = {isa = PBXFileReference; fileEncoding = 4; lastKnownFileType = sourcecode.swift; path = AppDetailViewController.swift; sourceTree = "<group>"; };
		C6B8C9D51F07E22400391BBD /* OnAppSelectedDelegate.swift */ = {isa = PBXFileReference; fileEncoding = 4; lastKnownFileType = sourcecode.swift; path = OnAppSelectedDelegate.swift; sourceTree = "<group>"; };
		C6D1C5881F04C4B800D70D57 /* AppStore iOS 10-Bridging-Header.h */ = {isa = PBXFileReference; lastKnownFileType = sourcecode.c.h; path = "AppStore iOS 10-Bridging-Header.h"; sourceTree = "<group>"; };
		C6D1C5891F04C4B800D70D57 /* UIImage_AverageColor.h */ = {isa = PBXFileReference; fileEncoding = 4; lastKnownFileType = sourcecode.c.h; path = UIImage_AverageColor.h; sourceTree = "<group>"; };
		C6D1C58A1F04CBE500D70D57 /* GamesDataSource.swift */ = {isa = PBXFileReference; fileEncoding = 4; lastKnownFileType = sourcecode.swift; path = GamesDataSource.swift; sourceTree = "<group>"; };
		C6D1C58C1F04CCE800D70D57 /* HeaderItem.swift */ = {isa = PBXFileReference; fileEncoding = 4; lastKnownFileType = sourcecode.swift; path = HeaderItem.swift; sourceTree = "<group>"; };
		C6D1C58F1F04CFE900D70D57 /* HorizontalBigAppCell.swift */ = {isa = PBXFileReference; fileEncoding = 4; lastKnownFileType = sourcecode.swift; path = HorizontalBigAppCell.swift; sourceTree = "<group>"; };
		F038A0B87F10F00176AD243D /* Pods_AppStore_iOS_10.framework */ = {isa = PBXFileReference; explicitFileType = wrapper.framework; includeInIndex = 0; path = Pods_AppStore_iOS_10.framework; sourceTree = BUILT_PRODUCTS_DIR; };
/* End PBXFileReference section */

/* Begin PBXFrameworksBuildPhase section */
		C62D7A3C1F044FC500A60799 /* Frameworks */ = {
			isa = PBXFrameworksBuildPhase;
			buildActionMask = 2147483647;
			files = (
				68045C729709FE5F1E61A904 /* Pods_AppStore_iOS_10.framework in Frameworks */,
			);
			runOnlyForDeploymentPostprocessing = 0;
		};
/* End PBXFrameworksBuildPhase section */

/* Begin PBXGroup section */
		3688FC6E5065A47CF9BBC2F9 /* Frameworks */ = {
			isa = PBXGroup;
			children = (
				F038A0B87F10F00176AD243D /* Pods_AppStore_iOS_10.framework */,
			);
			name = Frameworks;
			sourceTree = "<group>";
		};
		51A0F1FF459AE20E3DEB23F1 /* Pods */ = {
			isa = PBXGroup;
			children = (
				A4E6BBCAF0ED15650A9C6D74 /* Pods-AppStore iOS 10.debug.xcconfig */,
				78F3CE854DCEC0B8D43D301C /* Pods-AppStore iOS 10.release.xcconfig */,
			);
			name = Pods;
			sourceTree = "<group>";
		};
		C60E4A151F0687E3001A8BEB /* DataSources */ = {
			isa = PBXGroup;
			children = (
				C62D7A671F046B5200A60799 /* TodayAppsDataSource.swift */,
				C6D1C58A1F04CBE500D70D57 /* GamesDataSource.swift */,
			);
			name = DataSources;
			sourceTree = "<group>";
		};
		C60E4A1C1F06B798001A8BEB /* FeaturedAppCells */ = {
			isa = PBXGroup;
			children = (
				C62D7A691F046F0B00A60799 /* FeaturedAppCardCell.swift */,
				C60E4A1A1F06B771001A8BEB /* FeaturedAppTopWhiteBg.swift */,
				C60E4A1D1F06BBFA001A8BEB /* FeaturedAppCellWithBigAppIcon.swift */,
				C666F5011F06FAB600F6771C /* FeaturedAppCellBottomApp.swift */,
			);
			name = FeaturedAppCells;
			sourceTree = "<group>";
		};
		C628AFA91F097A74002645CA /* ScreenshotsCell */ = {
			isa = PBXGroup;
			children = (
				C6A8C2361F0912C2001C98A0 /* ScreenShotViewCell.swift */,
				C6A8C2381F0913D0001C98A0 /* ScreenShotsHolderCell.swift */,
			);
			name = ScreenshotsCell;
			sourceTree = "<group>";
		};
		C628AFAA1F097AB7002645CA /* BigAppGamesView */ = {
			isa = PBXGroup;
			children = (
				C6D1C58F1F04CFE900D70D57 /* HorizontalBigAppCell.swift */,
				C64A1BD21F04E64800894D91 /* LargePhotoHorizontalCollectionViewCell.swift */,
			);
			name = BigAppGamesView;
			sourceTree = "<group>";
		};
		C628AFAB1F097AD8002645CA /* SmallAppGameCells */ = {
			isa = PBXGroup;
			children = (
				C60E4A131F067CD9001A8BEB /* SmallAppListHolderCell.swift */,
				C6126AB51F065B57000493BA /* SmallAppCell.swift */,
				C6B78E681F0B145D00F111E3 /* SmallAppSearchUpdateCell.swift */,
			);
			name = SmallAppGameCells;
			sourceTree = "<group>";
		};
		C628AFAC1F097AE7002645CA /* Misc */ = {
			isa = PBXGroup;
			children = (
				C62D7A651F04674A00A60799 /* GeneralHeaderCell.swift */,
				C60B83041F0C70C9007EAD68 /* SmallAppListHeader.swift */,
				C60E4A111F066274001A8BEB /* DividerFooter.swift */,
			);
			name = Misc;
			sourceTree = "<group>";
		};
		C628AFAD1F097AF1002645CA /* Tabs */ = {
			isa = PBXGroup;
			children = (
				C62D7A5B1F0459B400A60799 /* TodaysAppsController.swift */,
				C62D7A5D1F0459CA00A60799 /* GamesAppsController.swift */,
				C6B78E6A1F0B230E00F111E3 /* UpdatesViewController.swift */,
			);
			name = Tabs;
			sourceTree = "<group>";
		};
		C628AFAE1F097B3B002645CA /* AppDescCell */ = {
			isa = PBXGroup;
			children = (
				C628AFAF1F097B60002645CA /* AppDescriptionCell.swift */,
			);
			name = AppDescCell;
			sourceTree = "<group>";
		};
		C628AFB11F098EE8002645CA /* RatingsAndReviews */ = {
			isa = PBXGroup;
			children = (
				C628AFB21F098F43002645CA /* RatingsViewCell.swift */,
				C628AFB41F098F5E002645CA /* RatingCollectionViewCell.swift */,
			);
			name = RatingsAndReviews;
			sourceTree = "<group>";
		};
		C62D7A361F044FC500A60799 = {
			isa = PBXGroup;
			children = (
				C62D7A411F044FC500A60799 /* AppStore iOS 10 */,
				C62D7A401F044FC500A60799 /* Products */,
				51A0F1FF459AE20E3DEB23F1 /* Pods */,
				3688FC6E5065A47CF9BBC2F9 /* Frameworks */,
			);
			sourceTree = "<group>";
		};
		C62D7A401F044FC500A60799 /* Products */ = {
			isa = PBXGroup;
			children = (
				C62D7A3F1F044FC500A60799 /* AppStore iOS 10.app */,
			);
			name = Products;
			sourceTree = "<group>";
		};
		C62D7A411F044FC500A60799 /* AppStore iOS 10 */ = {
			isa = PBXGroup;
			children = (
				C6A8C23A1F0916FF001C98A0 /* Utils */,
				C62D7A5A1F04596E00A60799 /* Views */,
				C62D7A591F04596600A60799 /* Controller */,
				C62D7A581F04595300A60799 /* Models */,
				C62D7A421F044FC500A60799 /* AppDelegate.swift */,
				C62D7A491F044FC500A60799 /* Assets.xcassets */,
				C62D7A4B1F044FC500A60799 /* LaunchScreen.storyboard */,
				C62D7A4E1F044FC500A60799 /* Info.plist */,
				C6D1C5891F04C4B800D70D57 /* UIImage_AverageColor.h */,
				C6D1C5881F04C4B800D70D57 /* AppStore iOS 10-Bridging-Header.h */,
			);
			path = "AppStore iOS 10";
			sourceTree = "<group>";
		};
		C62D7A581F04595300A60799 /* Models */ = {
			isa = PBXGroup;
			children = (
				C60E4A151F0687E3001A8BEB /* DataSources */,
				C6D1C58C1F04CCE800D70D57 /* HeaderItem.swift */,
				C60E4A161F0688CE001A8BEB /* App.swift */,
				C60E4A181F068D54001A8BEB /* TodayArticle.swift */,
				C628AFB61F0990A6002645CA /* Review.swift */,
				C628AFB81F09AD37002645CA /* ViewControllerConfigurator.swift */,
			);
			name = Models;
			sourceTree = "<group>";
		};
		C62D7A591F04596600A60799 /* Controller */ = {
			isa = PBXGroup;
			children = (
				C6B8C9D41F07E20000391BBD /* Delegates */,
				C6B8C9CF1F07C14A00391BBD /* SuperClasses */,
				C62D7A441F044FC500A60799 /* TabsController.swift */,
				C628AFAD1F097AF1002645CA /* Tabs */,
				C6B8C9D21F07E15800391BBD /* AppDetailViewController.swift */,
				C6B78E661F0B11FB00F111E3 /* CustomNavigationController.swift */,
			);
			name = Controller;
			sourceTree = "<group>";
		};
		C62D7A5A1F04596E00A60799 /* Views */ = {
			isa = PBXGroup;
			children = (
				C628AFB11F098EE8002645CA /* RatingsAndReviews */,
				C628AFAE1F097B3B002645CA /* AppDescCell */,
				C6D1C58E1F04CF9700D70D57 /* CustomViews */,
				C628AFAC1F097AE7002645CA /* Misc */,
				C628AFAB1F097AD8002645CA /* SmallAppGameCells */,
				C60E4A1C1F06B798001A8BEB /* FeaturedAppCells */,
				C628AFAA1F097AB7002645CA /* BigAppGamesView */,
				C628AFA91F097A74002645CA /* ScreenshotsCell */,
			);
			name = Views;
			sourceTree = "<group>";
		};
		C6A8C23A1F0916FF001C98A0 /* Utils */ = {
			isa = PBXGroup;
			children = (
				C62D7A541F04568900A60799 /* Extension.swift */,
				C6A8C2341F08F2F5001C98A0 /* Utils.swift */,
				C6A8C23B1F091715001C98A0 /* Constants.swift */,
				C6A8C23D1F091A7C001C98A0 /* Service.swift */,
			);
			name = Utils;
			sourceTree = "<group>";
		};
		C6B8C9CF1F07C14A00391BBD /* SuperClasses */ = {
			isa = PBXGroup;
			children = (
				C62D7A611F0459F900A60799 /* AppListViewController.swift */,
				C6B8C9D01F07C18200391BBD /* BaseSectionedListController.swift */,
			);
			name = SuperClasses;
			sourceTree = "<group>";
		};
		C6B8C9D41F07E20000391BBD /* Delegates */ = {
			isa = PBXGroup;
			children = (
				C6B8C9D51F07E22400391BBD /* OnAppSelectedDelegate.swift */,
			);
			name = Delegates;
			sourceTree = "<group>";
		};
		C6D1C58E1F04CF9700D70D57 /* CustomViews */ = {
			isa = PBXGroup;
			children = (
				C6126AAD1F06238F000493BA /* CustomCollectionViewCell.swift */,
				C62D7A6B1F047CA300A60799 /* ElevatedImageView.swift */,
				C6126AB11F063B7F000493BA /* LGHorizontalLinearFlowLayout.swift */,
				C62D7A6D1F047D2900A60799 /* CardView.swift */,
				C6126AB31F0655EF000493BA /* SnappingCollectionViewFlowlayout.swift */,
			);
			name = CustomViews;
			sourceTree = "<group>";
		};
/* End PBXGroup section */

/* Begin PBXNativeTarget section */
		C62D7A3E1F044FC500A60799 /* AppStore iOS 10 */ = {
			isa = PBXNativeTarget;
			buildConfigurationList = C62D7A511F044FC500A60799 /* Build configuration list for PBXNativeTarget "AppStore iOS 10" */;
			buildPhases = (
				F40BC044D4967E2A679765B6 /* [CP] Check Pods Manifest.lock */,
				C62D7A3B1F044FC500A60799 /* Sources */,
				C62D7A3C1F044FC500A60799 /* Frameworks */,
				C62D7A3D1F044FC500A60799 /* Resources */,
				241A8A8DBC22C44F40AABCD0 /* [CP] Embed Pods Frameworks */,
				04D6D177FE86101E6A8B49A0 /* [CP] Copy Pods Resources */,
			);
			buildRules = (
			);
			dependencies = (
			);
			name = "AppStore iOS 10";
			productName = "AppStore iOS 10";
			productReference = C62D7A3F1F044FC500A60799 /* AppStore iOS 10.app */;
			productType = "com.apple.product-type.application";
		};
/* End PBXNativeTarget section */

/* Begin PBXProject section */
		C62D7A371F044FC500A60799 /* Project object */ = {
			isa = PBXProject;
			attributes = {
				LastSwiftUpdateCheck = 0830;
				LastUpgradeCheck = 0830;
				ORGANIZATIONNAME = "Abdul-Mujeeb Aliu";
				TargetAttributes = {
					C62D7A3E1F044FC500A60799 = {
						CreatedOnToolsVersion = 8.3.3;
						DevelopmentTeam = V5L9D6NWDM;
						LastSwiftMigration = 0830;
						ProvisioningStyle = Automatic;
					};
				};
			};
			buildConfigurationList = C62D7A3A1F044FC500A60799 /* Build configuration list for PBXProject "AppStore iOS 10" */;
			compatibilityVersion = "Xcode 3.2";
			developmentRegion = English;
			hasScannedForEncodings = 0;
			knownRegions = (
				en,
				Base,
			);
			mainGroup = C62D7A361F044FC500A60799;
			productRefGroup = C62D7A401F044FC500A60799 /* Products */;
			projectDirPath = "";
			projectRoot = "";
			targets = (
				C62D7A3E1F044FC500A60799 /* AppStore iOS 10 */,
			);
		};
/* End PBXProject section */

/* Begin PBXResourcesBuildPhase section */
		C62D7A3D1F044FC500A60799 /* Resources */ = {
			isa = PBXResourcesBuildPhase;
			buildActionMask = 2147483647;
			files = (
				C62D7A4D1F044FC500A60799 /* LaunchScreen.storyboard in Resources */,
				C62D7A4A1F044FC500A60799 /* Assets.xcassets in Resources */,
			);
			runOnlyForDeploymentPostprocessing = 0;
		};
/* End PBXResourcesBuildPhase section */

/* Begin PBXShellScriptBuildPhase section */
		04D6D177FE86101E6A8B49A0 /* [CP] Copy Pods Resources */ = {
			isa = PBXShellScriptBuildPhase;
			buildActionMask = 2147483647;
			files = (
			);
			inputPaths = (
			);
			name = "[CP] Copy Pods Resources";
			outputPaths = (
			);
			runOnlyForDeploymentPostprocessing = 0;
			shellPath = /bin/sh;
			shellScript = "\"${SRCROOT}/Pods/Target Support Files/Pods-AppStore iOS 10/Pods-AppStore iOS 10-resources.sh\"\n";
			showEnvVarsInLog = 0;
		};
		241A8A8DBC22C44F40AABCD0 /* [CP] Embed Pods Frameworks */ = {
			isa = PBXShellScriptBuildPhase;
			buildActionMask = 2147483647;
			files = (
			);
			inputPaths = (
			);
			name = "[CP] Embed Pods Frameworks";
			outputPaths = (
			);
			runOnlyForDeploymentPostprocessing = 0;
			shellPath = /bin/sh;
			shellScript = "\"${SRCROOT}/Pods/Target Support Files/Pods-AppStore iOS 10/Pods-AppStore iOS 10-frameworks.sh\"\n";
			showEnvVarsInLog = 0;
		};
		F40BC044D4967E2A679765B6 /* [CP] Check Pods Manifest.lock */ = {
			isa = PBXShellScriptBuildPhase;
			buildActionMask = 2147483647;
			files = (
			);
			inputPaths = (
			);
			name = "[CP] Check Pods Manifest.lock";
			outputPaths = (
			);
			runOnlyForDeploymentPostprocessing = 0;
			shellPath = /bin/sh;
			shellScript = "diff \"${PODS_PODFILE_DIR_PATH}/Podfile.lock\" \"${PODS_ROOT}/Manifest.lock\" > /dev/null\nif [ $? != 0 ] ; then\n    # print error to STDERR\n    echo \"error: The sandbox is not in sync with the Podfile.lock. Run 'pod install' or update your CocoaPods installation.\" >&2\n    exit 1\nfi\n";
			showEnvVarsInLog = 0;
		};
/* End PBXShellScriptBuildPhase section */

/* Begin PBXSourcesBuildPhase section */
		C62D7A3B1F044FC500A60799 /* Sources */ = {
			isa = PBXSourcesBuildPhase;
			buildActionMask = 2147483647;
			files = (
				C60E4A141F067CD9001A8BEB /* SmallAppListHolderCell.swift in Sources */,
				C6A8C2391F0913D0001C98A0 /* ScreenShotsHolderCell.swift in Sources */,
				C628AFB51F098F5E002645CA /* RatingCollectionViewCell.swift in Sources */,
				C60E4A121F066274001A8BEB /* DividerFooter.swift in Sources */,
				C6126AB21F063B7F000493BA /* LGHorizontalLinearFlowLayout.swift in Sources */,
				C62D7A681F046B5200A60799 /* TodayAppsDataSource.swift in Sources */,
				C6A8C23E1F091A7C001C98A0 /* Service.swift in Sources */,
				C6D1C58B1F04CBE500D70D57 /* GamesDataSource.swift in Sources */,
				C6D1C5901F04CFE900D70D57 /* HorizontalBigAppCell.swift in Sources */,
				C6126AB61F065B57000493BA /* SmallAppCell.swift in Sources */,
				C628AFB31F098F43002645CA /* RatingsViewCell.swift in Sources */,
				C6B8C9D61F07E22400391BBD /* OnAppSelectedDelegate.swift in Sources */,
				C62D7A551F04568900A60799 /* Extension.swift in Sources */,
				C666F5021F06FAB600F6771C /* FeaturedAppCellBottomApp.swift in Sources */,
				C64A1BD31F04E64800894D91 /* LargePhotoHorizontalCollectionViewCell.swift in Sources */,
				C628AFB01F097B60002645CA /* AppDescriptionCell.swift in Sources */,
				C6B78E691F0B145D00F111E3 /* SmallAppSearchUpdateCell.swift in Sources */,
				C6126AB41F0655EF000493BA /* SnappingCollectionViewFlowlayout.swift in Sources */,
				C62D7A6C1F047CA300A60799 /* ElevatedImageView.swift in Sources */,
				C6126AAF1F06238F000493BA /* CustomCollectionViewCell.swift in Sources */,
				C62D7A5C1F0459B400A60799 /* TodaysAppsController.swift in Sources */,
				C60E4A1E1F06BBFA001A8BEB /* FeaturedAppCellWithBigAppIcon.swift in Sources */,
				C6B8C9D11F07C18200391BBD /* BaseSectionedListController.swift in Sources */,
				C6B78E6B1F0B230E00F111E3 /* UpdatesViewController.swift in Sources */,
				C60E4A191F068D54001A8BEB /* TodayArticle.swift in Sources */,
				C62D7A621F0459F900A60799 /* AppListViewController.swift in Sources */,
				C628AFB71F0990A6002645CA /* Review.swift in Sources */,
				C62D7A661F04674A00A60799 /* GeneralHeaderCell.swift in Sources */,
				C62D7A6E1F047D2900A60799 /* CardView.swift in Sources */,
				C628AFB91F09AD37002645CA /* ViewControllerConfigurator.swift in Sources */,
				C6B8C9D31F07E15800391BBD /* AppDetailViewController.swift in Sources */,
				C6A8C2351F08F2F5001C98A0 /* Utils.swift in Sources */,
				C6A8C23C1F091715001C98A0 /* Constants.swift in Sources */,
				C6D1C58D1F04CCE800D70D57 /* HeaderItem.swift in Sources */,
				C62D7A451F044FC500A60799 /* TabsController.swift in Sources */,
				C6A8C2371F0912C2001C98A0 /* ScreenShotViewCell.swift in Sources */,
				C62D7A5E1F0459CA00A60799 /* GamesAppsController.swift in Sources */,
				C60E4A1B1F06B771001A8BEB /* FeaturedAppTopWhiteBg.swift in Sources */,
				C60B83051F0C70C9007EAD68 /* SmallAppListHeader.swift in Sources */,
				C6B78E671F0B11FB00F111E3 /* CustomNavigationController.swift in Sources */,
				C60E4A171F0688CE001A8BEB /* App.swift in Sources */,
				C62D7A6A1F046F0B00A60799 /* FeaturedAppCardCell.swift in Sources */,
				C62D7A431F044FC500A60799 /* AppDelegate.swift in Sources */,
			);
			runOnlyForDeploymentPostprocessing = 0;
		};
/* End PBXSourcesBuildPhase section */

/* Begin PBXVariantGroup section */
		C62D7A4B1F044FC500A60799 /* LaunchScreen.storyboard */ = {
			isa = PBXVariantGroup;
			children = (
				C62D7A4C1F044FC500A60799 /* Base */,
			);
			name = LaunchScreen.storyboard;
			sourceTree = "<group>";
		};
/* End PBXVariantGroup section */

/* Begin XCBuildConfiguration section */
		C62D7A4F1F044FC500A60799 /* Debug */ = {
			isa = XCBuildConfiguration;
			buildSettings = {
				ALWAYS_SEARCH_USER_PATHS = NO;
				CLANG_ANALYZER_NONNULL = YES;
				CLANG_ANALYZER_NUMBER_OBJECT_CONVERSION = YES_AGGRESSIVE;
				CLANG_CXX_LANGUAGE_STANDARD = "gnu++0x";
				CLANG_CXX_LIBRARY = "libc++";
				CLANG_ENABLE_MODULES = YES;
				CLANG_ENABLE_OBJC_ARC = YES;
				CLANG_WARN_BOOL_CONVERSION = YES;
				CLANG_WARN_CONSTANT_CONVERSION = YES;
				CLANG_WARN_DIRECT_OBJC_ISA_USAGE = YES_ERROR;
				CLANG_WARN_DOCUMENTATION_COMMENTS = YES;
				CLANG_WARN_EMPTY_BODY = YES;
				CLANG_WARN_ENUM_CONVERSION = YES;
				CLANG_WARN_INFINITE_RECURSION = YES;
				CLANG_WARN_INT_CONVERSION = YES;
				CLANG_WARN_OBJC_ROOT_CLASS = YES_ERROR;
				CLANG_WARN_SUSPICIOUS_MOVE = YES;
				CLANG_WARN_UNREACHABLE_CODE = YES;
				CLANG_WARN__DUPLICATE_METHOD_MATCH = YES;
				"CODE_SIGN_IDENTITY[sdk=iphoneos*]" = "iPhone Developer";
				COPY_PHASE_STRIP = NO;
				DEBUG_INFORMATION_FORMAT = dwarf;
				ENABLE_STRICT_OBJC_MSGSEND = YES;
				ENABLE_TESTABILITY = YES;
				GCC_C_LANGUAGE_STANDARD = gnu99;
				GCC_DYNAMIC_NO_PIC = NO;
				GCC_NO_COMMON_BLOCKS = YES;
				GCC_OPTIMIZATION_LEVEL = 0;
				GCC_PREPROCESSOR_DEFINITIONS = (
					"DEBUG=1",
					"$(inherited)",
				);
				GCC_WARN_64_TO_32_BIT_CONVERSION = YES;
				GCC_WARN_ABOUT_RETURN_TYPE = YES_ERROR;
				GCC_WARN_UNDECLARED_SELECTOR = YES;
				GCC_WARN_UNINITIALIZED_AUTOS = YES_AGGRESSIVE;
				GCC_WARN_UNUSED_FUNCTION = YES;
				GCC_WARN_UNUSED_VARIABLE = YES;
				IPHONEOS_DEPLOYMENT_TARGET = 10.3;
				MTL_ENABLE_DEBUG_INFO = YES;
				ONLY_ACTIVE_ARCH = YES;
				SDKROOT = iphoneos;
				SWIFT_ACTIVE_COMPILATION_CONDITIONS = DEBUG;
				SWIFT_OPTIMIZATION_LEVEL = "-Onone";
				TARGETED_DEVICE_FAMILY = "1,2";
			};
			name = Debug;
		};
		C62D7A501F044FC500A60799 /* Release */ = {
			isa = XCBuildConfiguration;
			buildSettings = {
				ALWAYS_SEARCH_USER_PATHS = NO;
				CLANG_ANALYZER_NONNULL = YES;
				CLANG_ANALYZER_NUMBER_OBJECT_CONVERSION = YES_AGGRESSIVE;
				CLANG_CXX_LANGUAGE_STANDARD = "gnu++0x";
				CLANG_CXX_LIBRARY = "libc++";
				CLANG_ENABLE_MODULES = YES;
				CLANG_ENABLE_OBJC_ARC = YES;
				CLANG_WARN_BOOL_CONVERSION = YES;
				CLANG_WARN_CONSTANT_CONVERSION = YES;
				CLANG_WARN_DIRECT_OBJC_ISA_USAGE = YES_ERROR;
				CLANG_WARN_DOCUMENTATION_COMMENTS = YES;
				CLANG_WARN_EMPTY_BODY = YES;
				CLANG_WARN_ENUM_CONVERSION = YES;
				CLANG_WARN_INFINITE_RECURSION = YES;
				CLANG_WARN_INT_CONVERSION = YES;
				CLANG_WARN_OBJC_ROOT_CLASS = YES_ERROR;
				CLANG_WARN_SUSPICIOUS_MOVE = YES;
				CLANG_WARN_UNREACHABLE_CODE = YES;
				CLANG_WARN__DUPLICATE_METHOD_MATCH = YES;
				"CODE_SIGN_IDENTITY[sdk=iphoneos*]" = "iPhone Developer";
				COPY_PHASE_STRIP = NO;
				DEBUG_INFORMATION_FORMAT = "dwarf-with-dsym";
				ENABLE_NS_ASSERTIONS = NO;
				ENABLE_STRICT_OBJC_MSGSEND = YES;
				GCC_C_LANGUAGE_STANDARD = gnu99;
				GCC_NO_COMMON_BLOCKS = YES;
				GCC_WARN_64_TO_32_BIT_CONVERSION = YES;
				GCC_WARN_ABOUT_RETURN_TYPE = YES_ERROR;
				GCC_WARN_UNDECLARED_SELECTOR = YES;
				GCC_WARN_UNINITIALIZED_AUTOS = YES_AGGRESSIVE;
				GCC_WARN_UNUSED_FUNCTION = YES;
				GCC_WARN_UNUSED_VARIABLE = YES;
				IPHONEOS_DEPLOYMENT_TARGET = 10.3;
				MTL_ENABLE_DEBUG_INFO = NO;
				SDKROOT = iphoneos;
				SWIFT_OPTIMIZATION_LEVEL = "-Owholemodule";
				TARGETED_DEVICE_FAMILY = "1,2";
				VALIDATE_PRODUCT = YES;
			};
			name = Release;
		};
		C62D7A521F044FC500A60799 /* Debug */ = {
			isa = XCBuildConfiguration;
			baseConfigurationReference = A4E6BBCAF0ED15650A9C6D74 /* Pods-AppStore iOS 10.debug.xcconfig */;
			buildSettings = {
				ASSETCATALOG_COMPILER_APPICON_NAME = AppIcon;
				CLANG_ENABLE_MODULES = YES;
				DEVELOPMENT_TEAM = V5L9D6NWDM;
				INFOPLIST_FILE = "AppStore iOS 10/Info.plist";
				LD_RUNPATH_SEARCH_PATHS = "$(inherited) @executable_path/Frameworks";
				PRODUCT_BUNDLE_IDENTIFIER = "com.alium.AppStore-iOS-10";
				PRODUCT_NAME = "$(TARGET_NAME)";
				SWIFT_OBJC_BRIDGING_HEADER = "AppStore iOS 10/AppStore iOS 10-Bridging-Header.h";
				SWIFT_OPTIMIZATION_LEVEL = "-Onone";
				SWIFT_VERSION = 3.0;
			};
			name = Debug;
		};
		C62D7A531F044FC500A60799 /* Release */ = {
			isa = XCBuildConfiguration;
			baseConfigurationReference = 78F3CE854DCEC0B8D43D301C /* Pods-AppStore iOS 10.release.xcconfig */;
			buildSettings = {
				ASSETCATALOG_COMPILER_APPICON_NAME = AppIcon;
				CLANG_ENABLE_MODULES = YES;
				DEVELOPMENT_TEAM = V5L9D6NWDM;
				INFOPLIST_FILE = "AppStore iOS 10/Info.plist";
				LD_RUNPATH_SEARCH_PATHS = "$(inherited) @executable_path/Frameworks";
				PRODUCT_BUNDLE_IDENTIFIER = "com.alium.AppStore-iOS-10";
				PRODUCT_NAME = "$(TARGET_NAME)";
				SWIFT_OBJC_BRIDGING_HEADER = "AppStore iOS 10/AppStore iOS 10-Bridging-Header.h";
				SWIFT_VERSION = 3.0;
			};
			name = Release;
		};
/* End XCBuildConfiguration section */

/* Begin XCConfigurationList section */
		C62D7A3A1F044FC500A60799 /* Build configuration list for PBXProject "AppStore iOS 10" */ = {
			isa = XCConfigurationList;
			buildConfigurations = (
				C62D7A4F1F044FC500A60799 /* Debug */,
				C62D7A501F044FC500A60799 /* Release */,
			);
			defaultConfigurationIsVisible = 0;
			defaultConfigurationName = Release;
		};
		C62D7A511F044FC500A60799 /* Build configuration list for PBXNativeTarget "AppStore iOS 10" */ = {
			isa = XCConfigurationList;
			buildConfigurations = (
				C62D7A521F044FC500A60799 /* Debug */,
				C62D7A531F044FC500A60799 /* Release */,
			);
			defaultConfigurationIsVisible = 0;
			defaultConfigurationName = Release;
		};
/* End XCConfigurationList section */
	};
	rootObject = C62D7A371F044FC500A60799 /* Project object */;
}
