// !$*UTF8*$!
{
	archiveVersion = 1;
	classes = {
	};
	objectVersion = 46;
	objects = {

/* Begin PBXBuildFile section */
		C62D7A431F044FC500A60799 /* AppDelegate.swift in Sources */ = {isa = PBXBuildFile; fileRef = C62D7A421F044FC500A60799 /* AppDelegate.swift */; };
		C62D7A451F044FC500A60799 /* ViewController.swift in Sources */ = {isa = PBXBuildFile; fileRef = C62D7A441F044FC500A60799 /* ViewController.swift */; };
		C62D7A481F044FC500A60799 /* Main.storyboard in Resources */ = {isa = PBXBuildFile; fileRef = C62D7A461F044FC500A60799 /* Main.storyboard */; };
		C62D7A4A1F044FC500A60799 /* Assets.xcassets in Resources */ = {isa = PBXBuildFile; fileRef = C62D7A491F044FC500A60799 /* Assets.xcassets */; };
		C62D7A4D1F044FC500A60799 /* LaunchScreen.storyboard in Resources */ = {isa = PBXBuildFile; fileRef = C62D7A4B1F044FC500A60799 /* LaunchScreen.storyboard */; };
/* End PBXBuildFile section */

/* Begin PBXFileReference section */
		C62D7A3F1F044FC500A60799 /* AppStore iOS 10.app */ = {isa = PBXFileReference; explicitFileType = wrapper.application; includeInIndex = 0; path = "AppStore iOS 10.app"; sourceTree = BUILT_PRODUCTS_DIR; };
		C62D7A421F044FC500A60799 /* AppDelegate.swift */ = {isa = PBXFileReference; lastKnownFileType = sourcecode.swift; path = AppDelegate.swift; sourceTree = "<group>"; };
		C62D7A441F044FC500A60799 /* ViewController.swift */ = {isa = PBXFileReference; lastKnownFileType = sourcecode.swift; path = ViewController.swift; sourceTree = "<group>"; };
		C62D7A471F044FC500A60799 /* Base */ = {isa = PBXFileReference; lastKnownFileType = file.storyboard; name = Base; path = Base.lproj/Main.storyboard; sourceTree = "<group>"; };
		C62D7A491F044FC500A60799 /* Assets.xcassets */ = {isa = PBXFileReference; lastKnownFileType = folder.assetcatalog; path = Assets.xcassets; sourceTree = "<group>"; };
		C62D7A4C1F044FC500A60799 /* Base */ = {isa = PBXFileReference; lastKnownFileType = file.storyboard; name = Base; path = Base.lproj/LaunchScreen.storyboard; sourceTree = "<group>"; };
		C62D7A4E1F044FC500A60799 /* Info.plist */ = {isa = PBXFileReference; lastKnownFileType = text.plist.xml; path = Info.plist; sourceTree = "<group>"; };
/* End PBXFileReference section */

/* Begin PBXFrameworksBuildPhase section */
		C62D7A3C1F044FC500A60799 /* Frameworks */ = {
			isa = PBXFrameworksBuildPhase;
			buildActionMask = 2147483647;
			files = (
			);
			runOnlyForDeploymentPostprocessing = 0;
		};
/* End PBXFrameworksBuildPhase section */

/* Begin PBXGroup section */
		C62D7A361F044FC500A60799 = {
			isa = PBXGroup;
			children = (
				C62D7A411F044FC500A60799 /* AppStore iOS 10 */,
				C62D7A401F044FC500A60799 /* Products */,
			);
			sourceTree = "<group>";
		};
		C62D7A401F044FC500A60799 /* Products */ = {
			isa = PBXGroup;
			children = (
				C62D7A3F1F044FC500A60799 /* AppStore iOS 10.app */,
			);
			name = Products;
			sourceTree = "<group>";
		};
		C62D7A411F044FC500A60799 /* AppStore iOS 10 */ = {
			isa = PBXGroup;
			children = (
				C62D7A421F044FC500A60799 /* AppDelegate.swift */,
				C62D7A441F044FC500A60799 /* ViewController.swift */,
				C62D7A461F044FC500A60799 /* Main.storyboard */,
				C62D7A491F044FC500A60799 /* Assets.xcassets */,
				C62D7A4B1F044FC500A60799 /* LaunchScreen.storyboard */,
				C62D7A4E1F044FC500A60799 /* Info.plist */,
			);
			path = "AppStore iOS 10";
			sourceTree = "<group>";
		};
/* End PBXGroup section */

/* Begin PBXNativeTarget section */
		C62D7A3E1F044FC500A60799 /* AppStore iOS 10 */ = {
			isa = PBXNativeTarget;
			buildConfigurationList = C62D7A511F044FC500A60799 /* Build configuration list for PBXNativeTarget "AppStore iOS 10" */;
			buildPhases = (
				C62D7A3B1F044FC500A60799 /* Sources */,
				C62D7A3C1F044FC500A60799 /* Frameworks */,
				C62D7A3D1F044FC500A60799 /* Resources */,
			);
			buildRules = (
			);
			dependencies = (
			);
			name = "AppStore iOS 10";
			productName = "AppStore iOS 10";
			productReference = C62D7A3F1F044FC500A60799 /* AppStore iOS 10.app */;
			productType = "com.apple.product-type.application";
		};
/* End PBXNativeTarget section */

/* Begin PBXProject section */
		C62D7A371F044FC500A60799 /* Project object */ = {
			isa = PBXProject;
			attributes = {
				LastSwiftUpdateCheck = 0830;
				LastUpgradeCheck = 0830;
				ORGANIZATIONNAME = "Abdul-Mujeeb Aliu";
				TargetAttributes = {
					C62D7A3E1F044FC500A60799 = {
						CreatedOnToolsVersion = 8.3.3;
						DevelopmentTeam = V5L9D6NWDM;
						ProvisioningStyle = Automatic;
					};
				};
			};
			buildConfigurationList = C62D7A3A1F044FC500A60799 /* Build configuration list for PBXProject "AppStore iOS 10" */;
			compatibilityVersion = "Xcode 3.2";
			developmentRegion = English;
			hasScannedForEncodings = 0;
			knownRegions = (
				en,
				Base,
			);
			mainGroup = C62D7A361F044FC500A60799;
			productRefGroup = C62D7A401F044FC500A60799 /* Products */;
			projectDirPath = "";
			projectRoot = "";
			targets = (
				C62D7A3E1F044FC500A60799 /* AppStore iOS 10 */,
			);
		};
/* End PBXProject section */

/* Begin PBXResourcesBuildPhase section */
		C62D7A3D1F044FC500A60799 /* Resources */ = {
			isa = PBXResourcesBuildPhase;
			buildActionMask = 2147483647;
			files = (
				C62D7A4D1F044FC500A60799 /* LaunchScreen.storyboard in Resources */,
				C62D7A4A1F044FC500A60799 /* Assets.xcassets in Resources */,
				C62D7A481F044FC500A60799 /* Main.storyboard in Resources */,
			);
			runOnlyForDeploymentPostprocessing = 0;
		};
/* End PBXResourcesBuildPhase section */

/* Begin PBXSourcesBuildPhase section */
		C62D7A3B1F044FC500A60799 /* Sources */ = {
			isa = PBXSourcesBuildPhase;
			buildActionMask = 2147483647;
			files = (
				C62D7A451F044FC500A60799 /* ViewController.swift in Sources */,
				C62D7A431F044FC500A60799 /* AppDelegate.swift in Sources */,
			);
			runOnlyForDeploymentPostprocessing = 0;
		};
/* End PBXSourcesBuildPhase section */

/* Begin PBXVariantGroup section */
		C62D7A461F044FC500A60799 /* Main.storyboard */ = {
			isa = PBXVariantGroup;
			children = (
				C62D7A471F044FC500A60799 /* Base */,
			);
			name = Main.storyboard;
			sourceTree = "<group>";
		};
		C62D7A4B1F044FC500A60799 /* LaunchScreen.storyboard */ = {
			isa = PBXVariantGroup;
			children = (
				C62D7A4C1F044FC500A60799 /* Base */,
			);
			name = LaunchScreen.storyboard;
			sourceTree = "<group>";
		};
/* End PBXVariantGroup section */

/* Begin XCBuildConfiguration section */
		C62D7A4F1F044FC500A60799 /* Debug */ = {
			isa = XCBuildConfiguration;
			buildSettings = {
				ALWAYS_SEARCH_USER_PATHS = NO;
				CLANG_ANALYZER_NONNULL = YES;
				CLANG_ANALYZER_NUMBER_OBJECT_CONVERSION = YES_AGGRESSIVE;
				CLANG_CXX_LANGUAGE_STANDARD = "gnu++0x";
				CLANG_CXX_LIBRARY = "libc++";
				CLANG_ENABLE_MODULES = YES;
				CLANG_ENABLE_OBJC_ARC = YES;
				CLANG_WARN_BOOL_CONVERSION = YES;
				CLANG_WARN_CONSTANT_CONVERSION = YES;
				CLANG_WARN_DIRECT_OBJC_ISA_USAGE = YES_ERROR;
				CLANG_WARN_DOCUMENTATION_COMMENTS = YES;
				CLANG_WARN_EMPTY_BODY = YES;
				CLANG_WARN_ENUM_CONVERSION = YES;
				CLANG_WARN_INFINITE_RECURSION = YES;
				CLANG_WARN_INT_CONVERSION = YES;
				CLANG_WARN_OBJC_ROOT_CLASS = YES_ERROR;
				CLANG_WARN_SUSPICIOUS_MOVE = YES;
				CLANG_WARN_UNREACHABLE_CODE = YES;
				CLANG_WARN__DUPLICATE_METHOD_MATCH = YES;
				"CODE_SIGN_IDENTITY[sdk=iphoneos*]" = "iPhone Developer";
				COPY_PHASE_STRIP = NO;
				DEBUG_INFORMATION_FORMAT = dwarf;
				ENABLE_STRICT_OBJC_MSGSEND = YES;
				ENABLE_TESTABILITY = YES;
				GCC_C_LANGUAGE_STANDARD = gnu99;
				GCC_DYNAMIC_NO_PIC = NO;
				GCC_NO_COMMON_BLOCKS = YES;
				GCC_OPTIMIZATION_LEVEL = 0;
				GCC_PREPROCESSOR_DEFINITIONS = (
					"DEBUG=1",
					"$(inherited)",
				);
				GCC_WARN_64_TO_32_BIT_CONVERSION = YES;
				GCC_WARN_ABOUT_RETURN_TYPE = YES_ERROR;
				GCC_WARN_UNDECLARED_SELECTOR = YES;
				GCC_WARN_UNINITIALIZED_AUTOS = YES_AGGRESSIVE;
				GCC_WARN_UNUSED_FUNCTION = YES;
				GCC_WARN_UNUSED_VARIABLE = YES;
				IPHONEOS_DEPLOYMENT_TARGET = 10.3;
				MTL_ENABLE_DEBUG_INFO = YES;
				ONLY_ACTIVE_ARCH = YES;
				SDKROOT = iphoneos;
				SWIFT_ACTIVE_COMPILATION_CONDITIONS = DEBUG;
				SWIFT_OPTIMIZATION_LEVEL = "-Onone";
				TARGETED_DEVICE_FAMILY = "1,2";
			};
			name = Debug;
		};
		C62D7A501F044FC500A60799 /* Release */ = {
			isa = XCBuildConfiguration;
			buildSettings = {
				ALWAYS_SEARCH_USER_PATHS = NO;
				CLANG_ANALYZER_NONNULL = YES;
				CLANG_ANALYZER_NUMBER_OBJECT_CONVERSION = YES_AGGRESSIVE;
				CLANG_CXX_LANGUAGE_STANDARD = "gnu++0x";
				CLANG_CXX_LIBRARY = "libc++";
				CLANG_ENABLE_MODULES = YES;
				CLANG_ENABLE_OBJC_ARC = YES;
				CLANG_WARN_BOOL_CONVERSION = YES;
				CLANG_WARN_CONSTANT_CONVERSION = YES;
				CLANG_WARN_DIRECT_OBJC_ISA_USAGE = YES_ERROR;
				CLANG_WARN_DOCUMENTATION_COMMENTS = YES;
				CLANG_WARN_EMPTY_BODY = YES;
				CLANG_WARN_ENUM_CONVERSION = YES;
				CLANG_WARN_INFINITE_RECURSION = YES;
				CLANG_WARN_INT_CONVERSION = YES;
				CLANG_WARN_OBJC_ROOT_CLASS = YES_ERROR;
				CLANG_WARN_SUSPICIOUS_MOVE = YES;
				CLANG_WARN_UNREACHABLE_CODE = YES;
				CLANG_WARN__DUPLICATE_METHOD_MATCH = YES;
				"CODE_SIGN_IDENTITY[sdk=iphoneos*]" = "iPhone Developer";
				COPY_PHASE_STRIP = NO;
				DEBUG_INFORMATION_FORMAT = "dwarf-with-dsym";
				ENABLE_NS_ASSERTIONS = NO;
				ENABLE_STRICT_OBJC_MSGSEND = YES;
				GCC_C_LANGUAGE_STANDARD = gnu99;
				GCC_NO_COMMON_BLOCKS = YES;
				GCC_WARN_64_TO_32_BIT_CONVERSION = YES;
				GCC_WARN_ABOUT_RETURN_TYPE = YES_ERROR;
				GCC_WARN_UNDECLARED_SELECTOR = YES;
				GCC_WARN_UNINITIALIZED_AUTOS = YES_AGGRESSIVE;
				GCC_WARN_UNUSED_FUNCTION = YES;
				GCC_WARN_UNUSED_VARIABLE = YES;
				IPHONEOS_DEPLOYMENT_TARGET = 10.3;
				MTL_ENABLE_DEBUG_INFO = NO;
				SDKROOT = iphoneos;
				SWIFT_OPTIMIZATION_LEVEL = "-Owholemodule";
				TARGETED_DEVICE_FAMILY = "1,2";
				VALIDATE_PRODUCT = YES;
			};
			name = Release;
		};
		C62D7A521F044FC500A60799 /* Debug */ = {
			isa = XCBuildConfiguration;
			buildSettings = {
				ASSETCATALOG_COMPILER_APPICON_NAME = AppIcon;
				DEVELOPMENT_TEAM = V5L9D6NWDM;
				INFOPLIST_FILE = "AppStore iOS 10/Info.plist";
				LD_RUNPATH_SEARCH_PATHS = "$(inherited) @executable_path/Frameworks";
				PRODUCT_BUNDLE_IDENTIFIER = "com.alium.AppStore-iOS-10";
				PRODUCT_NAME = "$(TARGET_NAME)";
				SWIFT_VERSION = 3.0;
			};
			name = Debug;
		};
		C62D7A531F044FC500A60799 /* Release */ = {
			isa = XCBuildConfiguration;
			buildSettings = {
				ASSETCATALOG_COMPILER_APPICON_NAME = AppIcon;
				DEVELOPMENT_TEAM = V5L9D6NWDM;
				INFOPLIST_FILE = "AppStore iOS 10/Info.plist";
				LD_RUNPATH_SEARCH_PATHS = "$(inherited) @executable_path/Frameworks";
				PRODUCT_BUNDLE_IDENTIFIER = "com.alium.AppStore-iOS-10";
				PRODUCT_NAME = "$(TARGET_NAME)";
				SWIFT_VERSION = 3.0;
			};
			name = Release;
		};
/* End XCBuildConfiguration section */

/* Begin XCConfigurationList section */
		C62D7A3A1F044FC500A60799 /* Build configuration list for PBXProject "AppStore iOS 10" */ = {
			isa = XCConfigurationList;
			buildConfigurations = (
				C62D7A4F1F044FC500A60799 /* Debug */,
				C62D7A501F044FC500A60799 /* Release */,
			);
			defaultConfigurationIsVisible = 0;
			defaultConfigurationName = Release;
		};
		C62D7A511F044FC500A60799 /* Build configuration list for PBXNativeTarget "AppStore iOS 10" */ = {
			isa = XCConfigurationList;
			buildConfigurations = (
				C62D7A521F044FC500A60799 /* Debug */,
				C62D7A531F044FC500A60799 /* Release */,
			);
			defaultConfigurationIsVisible = 0;
		};
/* End XCConfigurationList section */
	};
	rootObject = C62D7A371F044FC500A60799 /* Project object */;
}
